{
  "version": 4,
  "terraform_version": "1.2.0",
  "serial": 22,
  "lineage": "00747a32-2930-3d5f-0bd2-a0e7a3635ae8",
  "outputs": {},
  "resources": [
    {
      "mode": "managed",
      "type": "google_compute_network",
      "name": "vpc_network",
      "provider": "provider[\"registry.terraform.io/hashicorp/google\"]",
      "instances": [
        {
          "schema_version": 0,
          "attributes": {
            "auto_create_subnetworks": false,
            "delete_default_routes_on_create": false,
            "description": "",
            "gateway_ipv4": "",
            "id": "projects/angelic-phoenix-350909/global/networks/vpc-gritfy",
            "ipv4_range": null,
            "name": "vpc-gritfy",
            "project": "angelic-phoenix-350909",
            "routing_mode": "REGIONAL",
            "self_link": "https://www.googleapis.com/compute/v1/projects/angelic-phoenix-350909/global/networks/vpc-gritfy",
            "timeouts": null
          },
          "sensitive_attributes": [],
          "private": "eyJlMmJmYjczMC1lY2FhLTExZTYtOGY4OC0zNDM2M2JjN2M0YzAiOnsiY3JlYXRlIjoyNDAwMDAwMDAwMDAsImRlbGV0ZSI6MjQwMDAwMDAwMDAwLCJ1cGRhdGUiOjI0MDAwMDAwMDAwMH19"
        }
      ]
    },
    {
      "mode": "managed",
      "type": "google_compute_subnetwork",
      "name": "private-subnetwork",
      "provider": "provider[\"registry.terraform.io/hashicorp/google\"]",
      "instances": [
        {
          "schema_version": 0,
          "attributes": {
            "creation_timestamp": "2022-05-21T03:52:15.148-07:00",
            "description": "",
            "enable_flow_logs": null,
            "fingerprint": null,
            "gateway_address": "10.2.0.1",
            "id": "projects/angelic-phoenix-350909/regions/us-central1/subnetworks/gritfy-subnetwork-private",
            "ip_cidr_range": "10.2.0.0/16",
            "log_config": [],
            "name": "gritfy-subnetwork-private",
            "network": "https://www.googleapis.com/compute/v1/projects/angelic-phoenix-350909/global/networks/vpc-gritfy",
            "private_ip_google_access": true,
            "project": "angelic-phoenix-350909",
            "region": "us-central1",
            "secondary_ip_range": [],
            "self_link": "https://www.googleapis.com/compute/v1/projects/angelic-phoenix-350909/regions/us-central1/subnetworks/gritfy-subnetwork-private",
            "timeouts": null
          },
          "sensitive_attributes": [],
          "private": "eyJlMmJmYjczMC1lY2FhLTExZTYtOGY4OC0zNDM2M2JjN2M0YzAiOnsiY3JlYXRlIjozNjAwMDAwMDAwMDAsImRlbGV0ZSI6MzYwMDAwMDAwMDAwLCJ1cGRhdGUiOjM2MDAwMDAwMDAwMH19",
          "dependencies": [
            "google_compute_network.vpc_network"
          ]
        }
      ]
    },
    {
      "mode": "managed",
      "type": "google_compute_subnetwork",
      "name": "public-subnetwork",
      "provider": "provider[\"registry.terraform.io/hashicorp/google\"]",
      "instances": [
        {
          "schema_version": 0,
          "attributes": {
            "creation_timestamp": "2022-05-21T03:55:47.123-07:00",
            "description": "",
            "enable_flow_logs": null,
            "fingerprint": null,
            "gateway_address": "10.0.0.1",
            "id": "projects/angelic-phoenix-350909/regions/us-central1/subnetworks/gritfy-subnetwork-public",
            "ip_cidr_range": "10.0.0.0/16",
            "log_config": [],
            "name": "gritfy-subnetwork-public",
            "network": "https://www.googleapis.com/compute/v1/projects/angelic-phoenix-350909/global/networks/vpc-gritfy",
            "private_ip_google_access": false,
            "project": "angelic-phoenix-350909",
            "region": "us-central1",
            "secondary_ip_range": [],
            "self_link": "https://www.googleapis.com/compute/v1/projects/angelic-phoenix-350909/regions/us-central1/subnetworks/gritfy-subnetwork-public",
            "timeouts": null
          },
          "sensitive_attributes": [],
          "private": "eyJlMmJmYjczMC1lY2FhLTExZTYtOGY4OC0zNDM2M2JjN2M0YzAiOnsiY3JlYXRlIjozNjAwMDAwMDAwMDAsImRlbGV0ZSI6MzYwMDAwMDAwMDAwLCJ1cGRhdGUiOjM2MDAwMDAwMDAwMH19",
          "dependencies": [
            "google_compute_network.vpc_network"
          ]
        }
      ]
    }
  ]
}
